
Microsoft Visual Studio Solution File, Format Version 12.00
# Visual Studio Version 17
VisualStudioVersion = 17.8.34408.163
MinimumVisualStudioVersion = 10.0.40219.1
Project("{8BC9CEB8-8B4A-11D0-8D11-00A0C91BC942}") = "CreditCard", "CreditCard.vcxproj", "{05134384-DFAA-41D5-A1EE-F6C78B1B9AAA}"
EndProject
Global
	GlobalSection(SolutionConfigurationPlatforms) = preSolution
		Debug|x64 = Debug|x64
		Debug|x86 = Debug|x86
		Release|x64 = Release|x64
		Release|x86 = Release|x86
	EndGlobalSection
	GlobalSection(ProjectConfigurationPlatforms) = postSolution
		{05134384-DFAA-41D5-A1EE-F6C78B1B9AAA}.Debug|x64.ActiveCfg = Debug|x64
		{05134384-DFAA-41D5-A1EE-F6C78B1B9AAA}.Debug|x64.Build.0 = Debug|x64
		{05134384-DFAA-41D5-A1EE-F6C78B1B9AAA}.Debug|x86.ActiveCfg = Debug|Win32
		{05134384-DFAA-41D5-A1EE-F6C78B1B9AAA}.Debug|x86.Build.0 = Debug|Win32
		{05134384-DFAA-41D5-A1EE-F6C78B1B9AAA}.Release|x64.ActiveCfg = Release|x64
		{05134384-DFAA-41D5-A1EE-F6C78B1B9AAA}.Release|x64.Build.0 = Release|x64
		{05134384-DFAA-41D5-A1EE-F6C78B1B9AAA}.Release|x86.ActiveCfg = Release|Win32
		{05134384-DFAA-41D5-A1EE-F6C78B1B9AAA}.Release|x86.Build.0 = Release|Win32
	EndGlobalSection
	GlobalSection(SolutionProperties) = preSolution
		HideSolutionNode = FALSE
	EndGlobalSection
	GlobalSection(ExtensibilityGlobals) = postSolution
		SolutionGuid = {2A786DB2-F43F-4252-B428-C9CCE501041B}
	EndGlobalSection
EndGlobal
